// !$*UTF8*$!
{
	archiveVersion = 1;
	classes = {
	};
	objectVersion = 46;
	objects = {

/* Begin PBXBuildFile section */
		D4687E291919FEAE0044F972 /* Cocoa.framework in Frameworks */ = {isa = PBXBuildFile; fileRef = D4687E281919FEAD0044F972 /* Cocoa.framework */; };
		D4687E331919FEAE0044F972 /* InfoPlist.strings in Resources */ = {isa = PBXBuildFile; fileRef = D4687E311919FEAE0044F972 /* InfoPlist.strings */; };
		D4687E351919FEAE0044F972 /* main.m in Sources */ = {isa = PBXBuildFile; fileRef = D4687E341919FEAE0044F972 /* main.m */; };
		D4687E391919FEAE0044F972 /* Credits.rtf in Resources */ = {isa = PBXBuildFile; fileRef = D4687E371919FEAE0044F972 /* Credits.rtf */; };
		D4687E3C1919FEAE0044F972 /* AppDelegate.m in Sources */ = {isa = PBXBuildFile; fileRef = D4687E3B1919FEAE0044F972 /* AppDelegate.m */; };
		D4687E3F1919FEAE0044F972 /* MainMenu.xib in Resources */ = {isa = PBXBuildFile; fileRef = D4687E3D1919FEAE0044F972 /* MainMenu.xib */; };
		D4687E411919FEAE0044F972 /* Images.xcassets in Resources */ = {isa = PBXBuildFile; fileRef = D4687E401919FEAE0044F972 /* Images.xcassets */; };
/* End PBXBuildFile section */

/* Begin PBXFileReference section */
		D4687E251919FEAD0044F972 /* PinballBonjour.app */ = {isa = PBXFileReference; explicitFileType = wrapper.application; includeInIndex = 0; path = PinballBonjour.app; sourceTree = BUILT_PRODUCTS_DIR; };
		D4687E281919FEAD0044F972 /* Cocoa.framework */ = {isa = PBXFileReference; lastKnownFileType = wrapper.framework; name = Cocoa.framework; path = System/Library/Frameworks/Cocoa.framework; sourceTree = SDKROOT; };
		D4687E2B1919FEAE0044F972 /* AppKit.framework */ = {isa = PBXFileReference; lastKnownFileType = wrapper.framework; name = AppKit.framework; path = System/Library/Frameworks/AppKit.framework; sourceTree = SDKROOT; };
		D4687E2C1919FEAE0044F972 /* CoreData.framework */ = {isa = PBXFileReference; lastKnownFileType = wrapper.framework; name = CoreData.framework; path = System/Library/Frameworks/CoreData.framework; sourceTree = SDKROOT; };
		D4687E2D1919FEAE0044F972 /* Foundation.framework */ = {isa = PBXFileReference; lastKnownFileType = wrapper.framework; name = Foundation.framework; path = System/Library/Frameworks/Foundation.framework; sourceTree = SDKROOT; };
		D4687E301919FEAE0044F972 /* PinballBonjour-Info.plist */ = {isa = PBXFileReference; lastKnownFileType = text.plist.xml; path = "PinballBonjour-Info.plist"; sourceTree = "<group>"; };
		D4687E321919FEAE0044F972 /* en */ = {isa = PBXFileReference; lastKnownFileType = text.plist.strings; name = en; path = en.lproj/InfoPlist.strings; sourceTree = "<group>"; };
		D4687E341919FEAE0044F972 /* main.m */ = {isa = PBXFileReference; lastKnownFileType = sourcecode.c.objc; path = main.m; sourceTree = "<group>"; };
		D4687E361919FEAE0044F972 /* PinballBonjour-Prefix.pch */ = {isa = PBXFileReference; lastKnownFileType = sourcecode.c.h; path = "PinballBonjour-Prefix.pch"; sourceTree = "<group>"; };
		D4687E381919FEAE0044F972 /* en */ = {isa = PBXFileReference; lastKnownFileType = text.rtf; name = en; path = en.lproj/Credits.rtf; sourceTree = "<group>"; };
		D4687E3A1919FEAE0044F972 /* AppDelegate.h */ = {isa = PBXFileReference; lastKnownFileType = sourcecode.c.h; path = AppDelegate.h; sourceTree = "<group>"; };
		D4687E3B1919FEAE0044F972 /* AppDelegate.m */ = {isa = PBXFileReference; lastKnownFileType = sourcecode.c.objc; path = AppDelegate.m; sourceTree = "<group>"; };
		D4687E3E1919FEAE0044F972 /* Base */ = {isa = PBXFileReference; lastKnownFileType = file.xib; name = Base; path = Base.lproj/MainMenu.xib; sourceTree = "<group>"; };
		D4687E401919FEAE0044F972 /* Images.xcassets */ = {isa = PBXFileReference; lastKnownFileType = folder.assetcatalog; path = Images.xcassets; sourceTree = "<group>"; };
/* End PBXFileReference section */

/* Begin PBXFrameworksBuildPhase section */
		D4687E221919FEAD0044F972 /* Frameworks */ = {
			isa = PBXFrameworksBuildPhase;
			buildActionMask = 2147483647;
			files = (
				D4687E291919FEAE0044F972 /* Cocoa.framework in Frameworks */,
			);
			runOnlyForDeploymentPostprocessing = 0;
		};
/* End PBXFrameworksBuildPhase section */

/* Begin PBXGroup section */
		D4687E1C1919FEAD0044F972 = {
			isa = PBXGroup;
			children = (
				D4687E2E1919FEAE0044F972 /* PinballBonjour */,
				D4687E271919FEAD0044F972 /* Frameworks */,
				D4687E261919FEAD0044F972 /* Products */,
			);
			sourceTree = "<group>";
		};
		D4687E261919FEAD0044F972 /* Products */ = {
			isa = PBXGroup;
			children = (
				D4687E251919FEAD0044F972 /* PinballBonjour.app */,
			);
			name = Products;
			sourceTree = "<group>";
		};
		D4687E271919FEAD0044F972 /* Frameworks */ = {
			isa = PBXGroup;
			children = (
				D4687E281919FEAD0044F972 /* Cocoa.framework */,
				D4687E2A1919FEAE0044F972 /* Other Frameworks */,
			);
			name = Frameworks;
			sourceTree = "<group>";
		};
		D4687E2A1919FEAE0044F972 /* Other Frameworks */ = {
			isa = PBXGroup;
			children = (
				D4687E2B1919FEAE0044F972 /* AppKit.framework */,
				D4687E2C1919FEAE0044F972 /* CoreData.framework */,
				D4687E2D1919FEAE0044F972 /* Foundation.framework */,
			);
			name = "Other Frameworks";
			sourceTree = "<group>";
		};
		D4687E2E1919FEAE0044F972 /* PinballBonjour */ = {
			isa = PBXGroup;
			children = (
				D4687E3A1919FEAE0044F972 /* AppDelegate.h */,
				D4687E3B1919FEAE0044F972 /* AppDelegate.m */,
				D4687E3D1919FEAE0044F972 /* MainMenu.xib */,
				D4687E401919FEAE0044F972 /* Images.xcassets */,
				D4687E2F1919FEAE0044F972 /* Supporting Files */,
			);
			path = PinballBonjour;
			sourceTree = "<group>";
		};
		D4687E2F1919FEAE0044F972 /* Supporting Files */ = {
			isa = PBXGroup;
			children = (
				D4687E301919FEAE0044F972 /* PinballBonjour-Info.plist */,
				D4687E311919FEAE0044F972 /* InfoPlist.strings */,
				D4687E341919FEAE0044F972 /* main.m */,
				D4687E361919FEAE0044F972 /* PinballBonjour-Prefix.pch */,
				D4687E371919FEAE0044F972 /* Credits.rtf */,
			);
			name = "Supporting Files";
			sourceTree = "<group>";
		};
/* End PBXGroup section */

/* Begin PBXNativeTarget section */
		D4687E241919FEAD0044F972 /* PinballBonjour */ = {
			isa = PBXNativeTarget;
			buildConfigurationList = D4687E561919FEAE0044F972 /* Build configuration list for PBXNativeTarget "PinballBonjour" */;
			buildPhases = (
				D4687E211919FEAD0044F972 /* Sources */,
				D4687E221919FEAD0044F972 /* Frameworks */,
				D4687E231919FEAD0044F972 /* Resources */,
			);
			buildRules = (
			);
			dependencies = (
			);
			name = PinballBonjour;
			productName = PinballBonjour;
			productReference = D4687E251919FEAD0044F972 /* PinballBonjour.app */;
			productType = "com.apple.product-type.application";
		};
/* End PBXNativeTarget section */

/* Begin PBXProject section */
		D4687E1D1919FEAD0044F972 /* Project object */ = {
			isa = PBXProject;
			attributes = {
				LastUpgradeCheck = 0510;
				ORGANIZATIONNAME = hexler.net;
			};
			buildConfigurationList = D4687E201919FEAD0044F972 /* Build configuration list for PBXProject "PinballBonjour" */;
			compatibilityVersion = "Xcode 3.2";
			developmentRegion = English;
			hasScannedForEncodings = 0;
			knownRegions = (
				en,
				Base,
			);
			mainGroup = D4687E1C1919FEAD0044F972;
			productRefGroup = D4687E261919FEAD0044F972 /* Products */;
			projectDirPath = "";
			projectRoot = "";
			targets = (
				D4687E241919FEAD0044F972 /* PinballBonjour */,
			);
		};
/* End PBXProject section */

/* Begin PBXResourcesBuildPhase section */
		D4687E231919FEAD0044F972 /* Resources */ = {
			isa = PBXResourcesBuildPhase;
			buildActionMask = 2147483647;
			files = (
				D4687E331919FEAE0044F972 /* InfoPlist.strings in Resources */,
				D4687E411919FEAE0044F972 /* Images.xcassets in Resources */,
				D4687E391919FEAE0044F972 /* Credits.rtf in Resources */,
				D4687E3F1919FEAE0044F972 /* MainMenu.xib in Resources */,
			);
			runOnlyForDeploymentPostprocessing = 0;
		};
/* End PBXResourcesBuildPhase section */

/* Begin PBXSourcesBuildPhase section */
		D4687E211919FEAD0044F972 /* Sources */ = {
			isa = PBXSourcesBuildPhase;
			buildActionMask = 2147483647;
			files = (
				D4687E3C1919FEAE0044F972 /* AppDelegate.m in Sources */,
				D4687E351919FEAE0044F972 /* main.m in Sources */,
			);
			runOnlyForDeploymentPostprocessing = 0;
		};
/* End PBXSourcesBuildPhase section */

/* Begin PBXVariantGroup section */
		D4687E311919FEAE0044F972 /* InfoPlist.strings */ = {
			isa = PBXVariantGroup;
			children = (
				D4687E321919FEAE0044F972 /* en */,
			);
			name = InfoPlist.strings;
			sourceTree = "<group>";
		};
		D4687E371919FEAE0044F972 /* Credits.rtf */ = {
			isa = PBXVariantGroup;
			children = (
				D4687E381919FEAE0044F972 /* en */,
			);
			name = Credits.rtf;
			sourceTree = "<group>";
		};
		D4687E3D1919FEAE0044F972 /* MainMenu.xib */ = {
			isa = PBXVariantGroup;
			children = (
				D4687E3E1919FEAE0044F972 /* Base */,
			);
			name = MainMenu.xib;
			sourceTree = "<group>";
		};
/* End PBXVariantGroup section */

/* Begin XCBuildConfiguration section */
		D4687E541919FEAE0044F972 /* Debug */ = {
			isa = XCBuildConfiguration;
			buildSettings = {
				ALWAYS_SEARCH_USER_PATHS = NO;
				CLANG_CXX_LANGUAGE_STANDARD = "gnu++0x";
				CLANG_CXX_LIBRARY = "libc++";
				CLANG_ENABLE_MODULES = YES;
				CLANG_WARN_BOOL_CONVERSION = YES;
				CLANG_WARN_CONSTANT_CONVERSION = YES;
				CLANG_WARN_DIRECT_OBJC_ISA_USAGE = YES_ERROR;
				CLANG_WARN_EMPTY_BODY = YES;
				CLANG_WARN_ENUM_CONVERSION = YES;
				CLANG_WARN_INT_CONVERSION = YES;
				CLANG_WARN_OBJC_ROOT_CLASS = YES_ERROR;
				CLANG_WARN__DUPLICATE_METHOD_MATCH = YES;
				COPY_PHASE_STRIP = NO;
				GCC_C_LANGUAGE_STANDARD = gnu99;
				GCC_DYNAMIC_NO_PIC = NO;
				GCC_ENABLE_OBJC_EXCEPTIONS = YES;
				GCC_OPTIMIZATION_LEVEL = 0;
				GCC_PREPROCESSOR_DEFINITIONS = (
					"DEBUG=1",
					"$(inherited)",
				);
				GCC_SYMBOLS_PRIVATE_EXTERN = NO;
				GCC_WARN_64_TO_32_BIT_CONVERSION = YES;
				GCC_WARN_ABOUT_RETURN_TYPE = YES_ERROR;
				GCC_WARN_UNDECLARED_SELECTOR = YES;
				GCC_WARN_UNINITIALIZED_AUTOS = YES_AGGRESSIVE;
				GCC_WARN_UNUSED_FUNCTION = YES;
				GCC_WARN_UNUSED_VARIABLE = YES;
				MACOSX_DEPLOYMENT_TARGET = 10.9;
				ONLY_ACTIVE_ARCH = YES;
				SDKROOT = macosx;
			};
			name = Debug;
		};
		D4687E551919FEAE0044F972 /* Release */ = {
			isa = XCBuildConfiguration;
			buildSettings = {
				ALWAYS_SEARCH_USER_PATHS = NO;
				CLANG_CXX_LANGUAGE_STANDARD = "gnu++0x";
				CLANG_CXX_LIBRARY = "libc++";
				CLANG_ENABLE_MODULES = YES;
				CLANG_WARN_BOOL_CONVERSION = YES;
				CLANG_WARN_CONSTANT_CONVERSION = YES;
				CLANG_WARN_DIRECT_OBJC_ISA_USAGE = YES_ERROR;
				CLANG_WARN_EMPTY_BODY = YES;
				CLANG_WARN_ENUM_CONVERSION = YES;
				CLANG_WARN_INT_CONVERSION = YES;
				CLANG_WARN_OBJC_ROOT_CLASS = YES_ERROR;
				CLANG_WARN__DUPLICATE_METHOD_MATCH = YES;
				COPY_PHASE_STRIP = YES;
				DEBUG_INFORMATION_FORMAT = "dwarf-with-dsym";
				ENABLE_NS_ASSERTIONS = NO;
				GCC_C_LANGUAGE_STANDARD = gnu99;
				GCC_ENABLE_OBJC_EXCEPTIONS = YES;
				GCC_WARN_64_TO_32_BIT_CONVERSION = YES;
				GCC_WARN_ABOUT_RETURN_TYPE = YES_ERROR;
				GCC_WARN_UNDECLARED_SELECTOR = YES;
				GCC_WARN_UNINITIALIZED_AUTOS = YES_AGGRESSIVE;
				GCC_WARN_UNUSED_FUNCTION = YES;
				GCC_WARN_UNUSED_VARIABLE = YES;
				MACOSX_DEPLOYMENT_TARGET = 10.9;
				SDKROOT = macosx;
			};
			name = Release;
		};
		D4687E571919FEAE0044F972 /* Debug */ = {
			isa = XCBuildConfiguration;
			buildSettings = {
				ASSETCATALOG_COMPILER_APPICON_NAME = AppIcon;
				COMBINE_HIDPI_IMAGES = YES;
				GCC_PRECOMPILE_PREFIX_HEADER = YES;
				GCC_PREFIX_HEADER = "PinballBonjour/PinballBonjour-Prefix.pch";
				INFOPLIST_FILE = "PinballBonjour/PinballBonjour-Info.plist";
				PRODUCT_NAME = "$(TARGET_NAME)";
				WRAPPER_EXTENSION = app;
			};
			name = Debug;
		};
		D4687E581919FEAE0044F972 /* Release */ = {
			isa = XCBuildConfiguration;
			buildSettings = {
				ASSETCATALOG_COMPILER_APPICON_NAME = AppIcon;
				COMBINE_HIDPI_IMAGES = YES;
				GCC_PRECOMPILE_PREFIX_HEADER = YES;
				GCC_PREFIX_HEADER = "PinballBonjour/PinballBonjour-Prefix.pch";
				INFOPLIST_FILE = "PinballBonjour/PinballBonjour-Info.plist";
				PRODUCT_NAME = "$(TARGET_NAME)";
				WRAPPER_EXTENSION = app;
			};
			name = Release;
		};
/* End XCBuildConfiguration section */

/* Begin XCConfigurationList section */
		D4687E201919FEAD0044F972 /* Build configuration list for PBXProject "PinballBonjour" */ = {
			isa = XCConfigurationList;
			buildConfigurations = (
				D4687E541919FEAE0044F972 /* Debug */,
				D4687E551919FEAE0044F972 /* Release */,
			);
			defaultConfigurationIsVisible = 0;
			defaultConfigurationName = Release;
		};
		D4687E561919FEAE0044F972 /* Build configuration list for PBXNativeTarget "PinballBonjour" */ = {
			isa = XCConfigurationList;
			buildConfigurations = (
				D4687E571919FEAE0044F972 /* Debug */,
				D4687E581919FEAE0044F972 /* Release */,
			);
			defaultConfigurationIsVisible = 0;
		};
/* End XCConfigurationList section */
	};
	rootObject = D4687E1D1919FEAD0044F972 /* Project object */;
}
